
Microsoft Visual Studio Solution File, Format Version 12.00
# Visual Studio Version 16
VisualStudioVersion = 16.0.32106.194
MinimumVisualStudioVersion = 10.0.40219.1
Project("{FAE04EC0-301F-11D3-BF4B-00C04F79EFBC}") = "UnityWebGl_LocalHoster", "UnityWebGl_LocalHoster.csproj", "{7DFFA1F0-41C0-409A-9F6C-A17EBE15EABE}"
EndProject
Global
	GlobalSection(SolutionConfigurationPlatforms) = preSolution
		Debug|Any CPU = Debug|Any CPU
		Release|Any CPU = Release|Any CPU
	EndGlobalSection
	GlobalSection(ProjectConfigurationPlatforms) = postSolution
		{7DFFA1F0-41C0-409A-9F6C-A17EBE15EABE}.Debug|Any CPU.ActiveCfg = Debug|Any CPU
		{7DFFA1F0-41C0-409A-9F6C-A17EBE15EABE}.Debug|Any CPU.Build.0 = Debug|Any CPU
		{7DFFA1F0-41C0-409A-9F6C-A17EBE15EABE}.Release|Any CPU.ActiveCfg = Release|Any CPU
		{7DFFA1F0-41C0-409A-9F6C-A17EBE15EABE}.Release|Any CPU.Build.0 = Release|Any CPU
	EndGlobalSection
	GlobalSection(SolutionProperties) = preSolution
		HideSolutionNode = FALSE
	EndGlobalSection
	GlobalSection(ExtensibilityGlobals) = postSolution
		SolutionGuid = {F6A47054-37BD-42A9-8E27-DFB680EB05EE}
	EndGlobalSection
EndGlobal
